{
  "object": {
    "pins": [
      {
        "package": "EARestrictedScrollView",
        "repositoryURL": "https://github.com/littleigloo/EARestrictedScrollView.git",
        "state": {
          "branch": null,
          "revision": "8d262186997e678ffb5cd1467e1922a190b46685",
          "version": "1.0.2"
        }
      }
    ]
  },
  "version": 1
}
