{
  "object": {
    "pins": [
      {
        "package": "EARestrictedScrollView",
        "repositoryURL": "https://github.com/littleigloo/EARestrictedScrollView.git",
        "state": {
          "branch": null,
          "revision": "26ca533cbbde2ebe17f7c9d7b5c1c3587f915d9c",
          "version": "1.0.1"
        }
      }
    ]
  },
  "version": 1
}
